# THIS IS AN AUTOGENERATED FILE. DO NOT EDIT THIS FILE DIRECTLY.
# yarn lockfile v1


crypto-extra@1.0.1:
  version "1.0.1"
  resolved "https://registry.yarnpkg.com/crypto-extra/-/crypto-extra-1.0.1.tgz#91d9e3d8d35f9a16d548c073c31b147f34eab11e"
  integrity sha512-EDJ07p6UDdyX+7GL6Bb6FqCuCHY34GuII9esE/xXZtW7tlB+A7MYT9O/c1M/ov2aGTdwvw0b3z5OcO50zYBG5Q==

namor@^3.0.1:
  version "3.0.1"
  resolved "https://registry.yarnpkg.com/namor/-/namor-3.0.1.tgz#1e9338587bc395a2f83937bebb5a7c069abe1a92"
  integrity sha512-DuXHrPcpgSe9p/P7xS+8JdcHNasd6/eyOYa6oKSLK/Lx0tqrdzUIcWhF2HgtoFvZmoSILjzMJeWBo3Lt7T8F8A==
  dependencies:
    crypto-extra "1.0.1"
